
Microsoft Visual Studio Solution File, Format Version 12.00
# Visual Studio Version 17
VisualStudioVersion = 17.0.31903.59
MinimumVisualStudioVersion = 10.0.40219.1
Project("{2150E333-8FDC-42A3-9474-1A3956D46DE8}") = "src", "src", "{827E0CD3-B72D-47B6-A68D-7590B98EB39B}"
EndProject
Project("{FAE04EC0-301F-11D3-BF4B-00C04F79EFBC}") = "SystemToolkit.Core", "src\SystemToolkit.Core\SystemToolkit.Core.csproj", "{D421652E-21FA-4F7F-94A9-4CFA6553DED5}"
EndProject
Project("{FAE04EC0-301F-11D3-BF4B-00C04F79EFBC}") = "SystemToolkit.Abstractions", "src\SystemToolkit.Abstractions\SystemToolkit.Abstractions.csproj", "{4993AA4F-B54D-48E5-A29E-2AAE8E29CA23}"
EndProject
Project("{FAE04EC0-301F-11D3-BF4B-00C04F79EFBC}") = "SystemToolkit.Infrastructure", "src\SystemToolkit.Infrastructure\SystemToolkit.Infrastructure.csproj", "{F8963846-CAF9-41B3-B0EF-73E4F161F227}"
EndProject
Project("{FAE04EC0-301F-11D3-BF4B-00C04F79EFBC}") = "SystemToolkit.Application", "src\SystemToolkit.Application\SystemToolkit.Application.csproj", "{6283F25B-7C3C-479D-A21D-84685644FF77}"
EndProject
Project("{FAE04EC0-301F-11D3-BF4B-00C04F79EFBC}") = "SystemToolkit.UI.Common", "src\SystemToolkit.UI.Common\SystemToolkit.UI.Common.csproj", "{3D24001A-20D0-4D62-9EDF-7B8EDE6B08C8}"
EndProject
Project("{2150E333-8FDC-42A3-9474-1A3956D46DE8}") = "modules", "modules", "{EC447DCF-ABFA-6E24-52A5-D7FD48A5C558}"
EndProject
Project("{FAE04EC0-301F-11D3-BF4B-00C04F79EFBC}") = "SystemToolkit.Modules.AppManager", "src\SystemToolkit.Modules.AppManager\SystemToolkit.Modules.AppManager.csproj", "{216898DF-6C27-4315-AAA9-D33CFCC02EE6}"
EndProject
Project("{FAE04EC0-301F-11D3-BF4B-00C04F79EFBC}") = "SystemToolkit.Modules.DriverManager", "src\SystemToolkit.Modules.DriverManager\SystemToolkit.Modules.DriverManager.csproj", "{289F73E2-4281-44ED-92C3-4CC6EC2335E7}"
EndProject
Project("{FAE04EC0-301F-11D3-BF4B-00C04F79EFBC}") = "SystemToolkit.Modules.FileBackup", "src\SystemToolkit.Modules.FileBackup\SystemToolkit.Modules.FileBackup.csproj", "{279EC7E0-CF53-4F77-986A-5DFFFEEC52F8}"
EndProject
Project("{FAE04EC0-301F-11D3-BF4B-00C04F79EFBC}") = "SystemToolkit.Modules.FileTransfer", "src\SystemToolkit.Modules.FileTransfer\SystemToolkit.Modules.FileTransfer.csproj", "{9FDDDEFC-D8C7-4D92-B094-06952E7FB838}"
EndProject
Project("{FAE04EC0-301F-11D3-BF4B-00C04F79EFBC}") = "SystemToolkit.Modules.GameManager", "src\SystemToolkit.Modules.GameManager\SystemToolkit.Modules.GameManager.csproj", "{6440B8C3-6354-4711-B91D-206A73293021}"
EndProject
Project("{FAE04EC0-301F-11D3-BF4B-00C04F79EFBC}") = "SystemToolkit.Modules.MusicManager", "src\SystemToolkit.Modules.MusicManager\SystemToolkit.Modules.MusicManager.csproj", "{D8B5FAED-C46F-45E4-B950-27BF7382606D}"
EndProject
Project("{FAE04EC0-301F-11D3-BF4B-00C04F79EFBC}") = "SystemToolkit.Modules.NetManager", "src\SystemToolkit.Modules.NetManager\SystemToolkit.Modules.NetManager.csproj", "{2ABE8538-2881-4EB2-A879-1BD163ABCDAA}"
EndProject
Project("{FAE04EC0-301F-11D3-BF4B-00C04F79EFBC}") = "SystemToolkit.Modules.Overview", "src\SystemToolkit.Modules.Overview\SystemToolkit.Modules.Overview.csproj", "{E184A036-4374-4FFF-96B0-361A98E96852}"
EndProject
Project("{FAE04EC0-301F-11D3-BF4B-00C04F79EFBC}") = "SystemToolkit.Modules.RecoveryManager", "src\SystemToolkit.Modules.RecoveryManager\SystemToolkit.Modules.RecoveryManager.csproj", "{0CC00BFB-B5CA-4BE3-8C17-963CDE8D1689}"
EndProject
Project("{FAE04EC0-301F-11D3-BF4B-00C04F79EFBC}") = "SystemToolkit.Modules.Settings", "src\SystemToolkit.Modules.Settings\SystemToolkit.Modules.Settings.csproj", "{9857D33A-B30B-4255-AFFB-EEFD140D8F24}"
EndProject
Project("{FAE04EC0-301F-11D3-BF4B-00C04F79EFBC}") = "SystemToolkit.Shell", "src\SystemToolkit.Shell\SystemToolkit.Shell.csproj", "{DF7811CD-817B-4A5C-A770-2979D4456015}"
EndProject
Project("{FAE04EC0-301F-11D3-BF4B-00C04F79EFBC}") = "SystemToolkit.ElevatedHelper", "src\SystemToolkit.ElevatedHelper\SystemToolkit.ElevatedHelper.csproj", "{4F580E77-90E3-43B4-B604-262E458A5185}"
EndProject
Project("{FAE04EC0-301F-11D3-BF4B-00C04F79EFBC}") = "SystemToolkit.Worker", "src\SystemToolkit.Worker\SystemToolkit.Worker.csproj", "{CB0C54FA-97DE-43F8-97CD-A9394B64AEB1}"
EndProject
Project("{2150E333-8FDC-42A3-9474-1A3956D46DE8}") = "tests", "tests", "{0AB3BF05-4346-4AA6-1389-037BE0695223}"
EndProject
Project("{FAE04EC0-301F-11D3-BF4B-00C04F79EFBC}") = "SystemToolkit.Tests", "tests\SystemToolkit.Tests\SystemToolkit.Tests.csproj", "{2048AD1B-90A5-4053-B600-20FC3929B8B6}"
EndProject
Global
	GlobalSection(SolutionConfigurationPlatforms) = preSolution
		Debug|Any CPU = Debug|Any CPU
		Debug|x64 = Debug|x64
		Debug|x86 = Debug|x86
		Release|Any CPU = Release|Any CPU
		Release|x64 = Release|x64
		Release|x86 = Release|x86
	EndGlobalSection
	GlobalSection(ProjectConfigurationPlatforms) = postSolution
		{D421652E-21FA-4F7F-94A9-4CFA6553DED5}.Debug|Any CPU.ActiveCfg = Debug|Any CPU
		{D421652E-21FA-4F7F-94A9-4CFA6553DED5}.Debug|Any CPU.Build.0 = Debug|Any CPU
		{D421652E-21FA-4F7F-94A9-4CFA6553DED5}.Debug|x64.ActiveCfg = Debug|Any CPU
		{D421652E-21FA-4F7F-94A9-4CFA6553DED5}.Debug|x64.Build.0 = Debug|Any CPU
		{D421652E-21FA-4F7F-94A9-4CFA6553DED5}.Debug|x86.ActiveCfg = Debug|Any CPU
		{D421652E-21FA-4F7F-94A9-4CFA6553DED5}.Debug|x86.Build.0 = Debug|Any CPU
		{D421652E-21FA-4F7F-94A9-4CFA6553DED5}.Release|Any CPU.ActiveCfg = Release|Any CPU
		{D421652E-21FA-4F7F-94A9-4CFA6553DED5}.Release|Any CPU.Build.0 = Release|Any CPU
		{D421652E-21FA-4F7F-94A9-4CFA6553DED5}.Release|x64.ActiveCfg = Release|Any CPU
		{D421652E-21FA-4F7F-94A9-4CFA6553DED5}.Release|x64.Build.0 = Release|Any CPU
		{D421652E-21FA-4F7F-94A9-4CFA6553DED5}.Release|x86.ActiveCfg = Release|Any CPU
		{D421652E-21FA-4F7F-94A9-4CFA6553DED5}.Release|x86.Build.0 = Release|Any CPU
		{4993AA4F-B54D-48E5-A29E-2AAE8E29CA23}.Debug|Any CPU.ActiveCfg = Debug|Any CPU
		{4993AA4F-B54D-48E5-A29E-2AAE8E29CA23}.Debug|Any CPU.Build.0 = Debug|Any CPU
		{4993AA4F-B54D-48E5-A29E-2AAE8E29CA23}.Debug|x64.ActiveCfg = Debug|Any CPU
		{4993AA4F-B54D-48E5-A29E-2AAE8E29CA23}.Debug|x64.Build.0 = Debug|Any CPU
		{4993AA4F-B54D-48E5-A29E-2AAE8E29CA23}.Debug|x86.ActiveCfg = Debug|Any CPU
		{4993AA4F-B54D-48E5-A29E-2AAE8E29CA23}.Debug|x86.Build.0 = Debug|Any CPU
		{4993AA4F-B54D-48E5-A29E-2AAE8E29CA23}.Release|Any CPU.ActiveCfg = Release|Any CPU
		{4993AA4F-B54D-48E5-A29E-2AAE8E29CA23}.Release|Any CPU.Build.0 = Release|Any CPU
		{4993AA4F-B54D-48E5-A29E-2AAE8E29CA23}.Release|x64.ActiveCfg = Release|Any CPU
		{4993AA4F-B54D-48E5-A29E-2AAE8E29CA23}.Release|x64.Build.0 = Release|Any CPU
		{4993AA4F-B54D-48E5-A29E-2AAE8E29CA23}.Release|x86.ActiveCfg = Release|Any CPU
		{4993AA4F-B54D-48E5-A29E-2AAE8E29CA23}.Release|x86.Build.0 = Release|Any CPU
		{F8963846-CAF9-41B3-B0EF-73E4F161F227}.Debug|Any CPU.ActiveCfg = Debug|Any CPU
		{F8963846-CAF9-41B3-B0EF-73E4F161F227}.Debug|Any CPU.Build.0 = Debug|Any CPU
		{F8963846-CAF9-41B3-B0EF-73E4F161F227}.Debug|x64.ActiveCfg = Debug|Any CPU
		{F8963846-CAF9-41B3-B0EF-73E4F161F227}.Debug|x64.Build.0 = Debug|Any CPU
		{F8963846-CAF9-41B3-B0EF-73E4F161F227}.Debug|x86.ActiveCfg = Debug|Any CPU
		{F8963846-CAF9-41B3-B0EF-73E4F161F227}.Debug|x86.Build.0 = Debug|Any CPU
		{F8963846-CAF9-41B3-B0EF-73E4F161F227}.Release|Any CPU.ActiveCfg = Release|Any CPU
		{F8963846-CAF9-41B3-B0EF-73E4F161F227}.Release|Any CPU.Build.0 = Release|Any CPU
		{F8963846-CAF9-41B3-B0EF-73E4F161F227}.Release|x64.ActiveCfg = Release|Any CPU
		{F8963846-CAF9-41B3-B0EF-73E4F161F227}.Release|x64.Build.0 = Release|Any CPU
		{F8963846-CAF9-41B3-B0EF-73E4F161F227}.Release|x86.ActiveCfg = Release|Any CPU
		{F8963846-CAF9-41B3-B0EF-73E4F161F227}.Release|x86.Build.0 = Release|Any CPU
		{6283F25B-7C3C-479D-A21D-84685644FF77}.Debug|Any CPU.ActiveCfg = Debug|Any CPU
		{6283F25B-7C3C-479D-A21D-84685644FF77}.Debug|Any CPU.Build.0 = Debug|Any CPU
		{6283F25B-7C3C-479D-A21D-84685644FF77}.Debug|x64.ActiveCfg = Debug|Any CPU
		{6283F25B-7C3C-479D-A21D-84685644FF77}.Debug|x64.Build.0 = Debug|Any CPU
		{6283F25B-7C3C-479D-A21D-84685644FF77}.Debug|x86.ActiveCfg = Debug|Any CPU
		{6283F25B-7C3C-479D-A21D-84685644FF77}.Debug|x86.Build.0 = Debug|Any CPU
		{6283F25B-7C3C-479D-A21D-84685644FF77}.Release|Any CPU.ActiveCfg = Release|Any CPU
		{6283F25B-7C3C-479D-A21D-84685644FF77}.Release|Any CPU.Build.0 = Release|Any CPU
		{6283F25B-7C3C-479D-A21D-84685644FF77}.Release|x64.ActiveCfg = Release|Any CPU
		{6283F25B-7C3C-479D-A21D-84685644FF77}.Release|x64.Build.0 = Release|Any CPU
		{6283F25B-7C3C-479D-A21D-84685644FF77}.Release|x86.ActiveCfg = Release|Any CPU
		{6283F25B-7C3C-479D-A21D-84685644FF77}.Release|x86.Build.0 = Release|Any CPU
		{3D24001A-20D0-4D62-9EDF-7B8EDE6B08C8}.Debug|Any CPU.ActiveCfg = Debug|Any CPU
		{3D24001A-20D0-4D62-9EDF-7B8EDE6B08C8}.Debug|Any CPU.Build.0 = Debug|Any CPU
		{3D24001A-20D0-4D62-9EDF-7B8EDE6B08C8}.Debug|x64.ActiveCfg = Debug|Any CPU
		{3D24001A-20D0-4D62-9EDF-7B8EDE6B08C8}.Debug|x64.Build.0 = Debug|Any CPU
		{3D24001A-20D0-4D62-9EDF-7B8EDE6B08C8}.Debug|x86.ActiveCfg = Debug|Any CPU
		{3D24001A-20D0-4D62-9EDF-7B8EDE6B08C8}.Debug|x86.Build.0 = Debug|Any CPU
		{3D24001A-20D0-4D62-9EDF-7B8EDE6B08C8}.Release|Any CPU.ActiveCfg = Release|Any CPU
		{3D24001A-20D0-4D62-9EDF-7B8EDE6B08C8}.Release|Any CPU.Build.0 = Release|Any CPU
		{3D24001A-20D0-4D62-9EDF-7B8EDE6B08C8}.Release|x64.ActiveCfg = Release|Any CPU
		{3D24001A-20D0-4D62-9EDF-7B8EDE6B08C8}.Release|x64.Build.0 = Release|Any CPU
		{3D24001A-20D0-4D62-9EDF-7B8EDE6B08C8}.Release|x86.ActiveCfg = Release|Any CPU
		{3D24001A-20D0-4D62-9EDF-7B8EDE6B08C8}.Release|x86.Build.0 = Release|Any CPU
		{216898DF-6C27-4315-AAA9-D33CFCC02EE6}.Debug|Any CPU.ActiveCfg = Debug|Any CPU
		{216898DF-6C27-4315-AAA9-D33CFCC02EE6}.Debug|Any CPU.Build.0 = Debug|Any CPU
		{216898DF-6C27-4315-AAA9-D33CFCC02EE6}.Debug|x64.ActiveCfg = Debug|Any CPU
		{216898DF-6C27-4315-AAA9-D33CFCC02EE6}.Debug|x64.Build.0 = Debug|Any CPU
		{216898DF-6C27-4315-AAA9-D33CFCC02EE6}.Debug|x86.ActiveCfg = Debug|Any CPU
		{216898DF-6C27-4315-AAA9-D33CFCC02EE6}.Debug|x86.Build.0 = Debug|Any CPU
		{216898DF-6C27-4315-AAA9-D33CFCC02EE6}.Release|Any CPU.ActiveCfg = Release|Any CPU
		{216898DF-6C27-4315-AAA9-D33CFCC02EE6}.Release|Any CPU.Build.0 = Release|Any CPU
		{216898DF-6C27-4315-AAA9-D33CFCC02EE6}.Release|x64.ActiveCfg = Release|Any CPU
		{216898DF-6C27-4315-AAA9-D33CFCC02EE6}.Release|x64.Build.0 = Release|Any CPU
		{216898DF-6C27-4315-AAA9-D33CFCC02EE6}.Release|x86.ActiveCfg = Release|Any CPU
		{216898DF-6C27-4315-AAA9-D33CFCC02EE6}.Release|x86.Build.0 = Release|Any CPU
		{289F73E2-4281-44ED-92C3-4CC6EC2335E7}.Debug|Any CPU.ActiveCfg = Debug|Any CPU
		{289F73E2-4281-44ED-92C3-4CC6EC2335E7}.Debug|Any CPU.Build.0 = Debug|Any CPU
		{289F73E2-4281-44ED-92C3-4CC6EC2335E7}.Debug|x64.ActiveCfg = Debug|Any CPU
		{289F73E2-4281-44ED-92C3-4CC6EC2335E7}.Debug|x64.Build.0 = Debug|Any CPU
		{289F73E2-4281-44ED-92C3-4CC6EC2335E7}.Debug|x86.ActiveCfg = Debug|Any CPU
		{289F73E2-4281-44ED-92C3-4CC6EC2335E7}.Debug|x86.Build.0 = Debug|Any CPU
		{289F73E2-4281-44ED-92C3-4CC6EC2335E7}.Release|Any CPU.ActiveCfg = Release|Any CPU
		{289F73E2-4281-44ED-92C3-4CC6EC2335E7}.Release|Any CPU.Build.0 = Release|Any CPU
		{289F73E2-4281-44ED-92C3-4CC6EC2335E7}.Release|x64.ActiveCfg = Release|Any CPU
		{289F73E2-4281-44ED-92C3-4CC6EC2335E7}.Release|x64.Build.0 = Release|Any CPU
		{289F73E2-4281-44ED-92C3-4CC6EC2335E7}.Release|x86.ActiveCfg = Release|Any CPU
		{289F73E2-4281-44ED-92C3-4CC6EC2335E7}.Release|x86.Build.0 = Release|Any CPU
		{279EC7E0-CF53-4F77-986A-5DFFFEEC52F8}.Debug|Any CPU.ActiveCfg = Debug|Any CPU
		{279EC7E0-CF53-4F77-986A-5DFFFEEC52F8}.Debug|Any CPU.Build.0 = Debug|Any CPU
		{279EC7E0-CF53-4F77-986A-5DFFFEEC52F8}.Debug|x64.ActiveCfg = Debug|Any CPU
		{279EC7E0-CF53-4F77-986A-5DFFFEEC52F8}.Debug|x64.Build.0 = Debug|Any CPU
		{279EC7E0-CF53-4F77-986A-5DFFFEEC52F8}.Debug|x86.ActiveCfg = Debug|Any CPU
		{279EC7E0-CF53-4F77-986A-5DFFFEEC52F8}.Debug|x86.Build.0 = Debug|Any CPU
		{279EC7E0-CF53-4F77-986A-5DFFFEEC52F8}.Release|Any CPU.ActiveCfg = Release|Any CPU
		{279EC7E0-CF53-4F77-986A-5DFFFEEC52F8}.Release|Any CPU.Build.0 = Release|Any CPU
		{279EC7E0-CF53-4F77-986A-5DFFFEEC52F8}.Release|x64.ActiveCfg = Release|Any CPU
		{279EC7E0-CF53-4F77-986A-5DFFFEEC52F8}.Release|x64.Build.0 = Release|Any CPU
		{279EC7E0-CF53-4F77-986A-5DFFFEEC52F8}.Release|x86.ActiveCfg = Release|Any CPU
		{279EC7E0-CF53-4F77-986A-5DFFFEEC52F8}.Release|x86.Build.0 = Release|Any CPU
		{9FDDDEFC-D8C7-4D92-B094-06952E7FB838}.Debug|Any CPU.ActiveCfg = Debug|Any CPU
		{9FDDDEFC-D8C7-4D92-B094-06952E7FB838}.Debug|Any CPU.Build.0 = Debug|Any CPU
		{9FDDDEFC-D8C7-4D92-B094-06952E7FB838}.Debug|x64.ActiveCfg = Debug|Any CPU
		{9FDDDEFC-D8C7-4D92-B094-06952E7FB838}.Debug|x64.Build.0 = Debug|Any CPU
		{9FDDDEFC-D8C7-4D92-B094-06952E7FB838}.Debug|x86.ActiveCfg = Debug|Any CPU
		{9FDDDEFC-D8C7-4D92-B094-06952E7FB838}.Debug|x86.Build.0 = Debug|Any CPU
		{9FDDDEFC-D8C7-4D92-B094-06952E7FB838}.Release|Any CPU.ActiveCfg = Release|Any CPU
		{9FDDDEFC-D8C7-4D92-B094-06952E7FB838}.Release|Any CPU.Build.0 = Release|Any CPU
		{9FDDDEFC-D8C7-4D92-B094-06952E7FB838}.Release|x64.ActiveCfg = Release|Any CPU
		{9FDDDEFC-D8C7-4D92-B094-06952E7FB838}.Release|x64.Build.0 = Release|Any CPU
		{9FDDDEFC-D8C7-4D92-B094-06952E7FB838}.Release|x86.ActiveCfg = Release|Any CPU
		{9FDDDEFC-D8C7-4D92-B094-06952E7FB838}.Release|x86.Build.0 = Release|Any CPU
		{6440B8C3-6354-4711-B91D-206A73293021}.Debug|Any CPU.ActiveCfg = Debug|Any CPU
		{6440B8C3-6354-4711-B91D-206A73293021}.Debug|Any CPU.Build.0 = Debug|Any CPU
		{6440B8C3-6354-4711-B91D-206A73293021}.Debug|x64.ActiveCfg = Debug|Any CPU
		{6440B8C3-6354-4711-B91D-206A73293021}.Debug|x64.Build.0 = Debug|Any CPU
		{6440B8C3-6354-4711-B91D-206A73293021}.Debug|x86.ActiveCfg = Debug|Any CPU
		{6440B8C3-6354-4711-B91D-206A73293021}.Debug|x86.Build.0 = Debug|Any CPU
		{6440B8C3-6354-4711-B91D-206A73293021}.Release|Any CPU.ActiveCfg = Release|Any CPU
		{6440B8C3-6354-4711-B91D-206A73293021}.Release|Any CPU.Build.0 = Release|Any CPU
		{6440B8C3-6354-4711-B91D-206A73293021}.Release|x64.ActiveCfg = Release|Any CPU
		{6440B8C3-6354-4711-B91D-206A73293021}.Release|x64.Build.0 = Release|Any CPU
		{6440B8C3-6354-4711-B91D-206A73293021}.Release|x86.ActiveCfg = Release|Any CPU
		{6440B8C3-6354-4711-B91D-206A73293021}.Release|x86.Build.0 = Release|Any CPU
		{D8B5FAED-C46F-45E4-B950-27BF7382606D}.Debug|Any CPU.ActiveCfg = Debug|Any CPU
		{D8B5FAED-C46F-45E4-B950-27BF7382606D}.Debug|Any CPU.Build.0 = Debug|Any CPU
		{D8B5FAED-C46F-45E4-B950-27BF7382606D}.Debug|x64.ActiveCfg = Debug|Any CPU
		{D8B5FAED-C46F-45E4-B950-27BF7382606D}.Debug|x64.Build.0 = Debug|Any CPU
		{D8B5FAED-C46F-45E4-B950-27BF7382606D}.Debug|x86.ActiveCfg = Debug|Any CPU
		{D8B5FAED-C46F-45E4-B950-27BF7382606D}.Debug|x86.Build.0 = Debug|Any CPU
		{D8B5FAED-C46F-45E4-B950-27BF7382606D}.Release|Any CPU.ActiveCfg = Release|Any CPU
		{D8B5FAED-C46F-45E4-B950-27BF7382606D}.Release|Any CPU.Build.0 = Release|Any CPU
		{D8B5FAED-C46F-45E4-B950-27BF7382606D}.Release|x64.ActiveCfg = Release|Any CPU
		{D8B5FAED-C46F-45E4-B950-27BF7382606D}.Release|x64.Build.0 = Release|Any CPU
		{D8B5FAED-C46F-45E4-B950-27BF7382606D}.Release|x86.ActiveCfg = Release|Any CPU
		{D8B5FAED-C46F-45E4-B950-27BF7382606D}.Release|x86.Build.0 = Release|Any CPU
		{2ABE8538-2881-4EB2-A879-1BD163ABCDAA}.Debug|Any CPU.ActiveCfg = Debug|Any CPU
		{2ABE8538-2881-4EB2-A879-1BD163ABCDAA}.Debug|Any CPU.Build.0 = Debug|Any CPU
		{2ABE8538-2881-4EB2-A879-1BD163ABCDAA}.Debug|x64.ActiveCfg = Debug|Any CPU
		{2ABE8538-2881-4EB2-A879-1BD163ABCDAA}.Debug|x64.Build.0 = Debug|Any CPU
		{2ABE8538-2881-4EB2-A879-1BD163ABCDAA}.Debug|x86.ActiveCfg = Debug|Any CPU
		{2ABE8538-2881-4EB2-A879-1BD163ABCDAA}.Debug|x86.Build.0 = Debug|Any CPU
		{2ABE8538-2881-4EB2-A879-1BD163ABCDAA}.Release|Any CPU.ActiveCfg = Release|Any CPU
		{2ABE8538-2881-4EB2-A879-1BD163ABCDAA}.Release|Any CPU.Build.0 = Release|Any CPU
		{2ABE8538-2881-4EB2-A879-1BD163ABCDAA}.Release|x64.ActiveCfg = Release|Any CPU
		{2ABE8538-2881-4EB2-A879-1BD163ABCDAA}.Release|x64.Build.0 = Release|Any CPU
		{2ABE8538-2881-4EB2-A879-1BD163ABCDAA}.Release|x86.ActiveCfg = Release|Any CPU
		{2ABE8538-2881-4EB2-A879-1BD163ABCDAA}.Release|x86.Build.0 = Release|Any CPU
		{E184A036-4374-4FFF-96B0-361A98E96852}.Debug|Any CPU.ActiveCfg = Debug|Any CPU
		{E184A036-4374-4FFF-96B0-361A98E96852}.Debug|Any CPU.Build.0 = Debug|Any CPU
		{E184A036-4374-4FFF-96B0-361A98E96852}.Debug|x64.ActiveCfg = Debug|Any CPU
		{E184A036-4374-4FFF-96B0-361A98E96852}.Debug|x64.Build.0 = Debug|Any CPU
		{E184A036-4374-4FFF-96B0-361A98E96852}.Debug|x86.ActiveCfg = Debug|Any CPU
		{E184A036-4374-4FFF-96B0-361A98E96852}.Debug|x86.Build.0 = Debug|Any CPU
		{E184A036-4374-4FFF-96B0-361A98E96852}.Release|Any CPU.ActiveCfg = Release|Any CPU
		{E184A036-4374-4FFF-96B0-361A98E96852}.Release|Any CPU.Build.0 = Release|Any CPU
		{E184A036-4374-4FFF-96B0-361A98E96852}.Release|x64.ActiveCfg = Release|Any CPU
		{E184A036-4374-4FFF-96B0-361A98E96852}.Release|x64.Build.0 = Release|Any CPU
		{E184A036-4374-4FFF-96B0-361A98E96852}.Release|x86.ActiveCfg = Release|Any CPU
		{E184A036-4374-4FFF-96B0-361A98E96852}.Release|x86.Build.0 = Release|Any CPU
		{0CC00BFB-B5CA-4BE3-8C17-963CDE8D1689}.Debug|Any CPU.ActiveCfg = Debug|Any CPU
		{0CC00BFB-B5CA-4BE3-8C17-963CDE8D1689}.Debug|Any CPU.Build.0 = Debug|Any CPU
		{0CC00BFB-B5CA-4BE3-8C17-963CDE8D1689}.Debug|x64.ActiveCfg = Debug|Any CPU
		{0CC00BFB-B5CA-4BE3-8C17-963CDE8D1689}.Debug|x64.Build.0 = Debug|Any CPU
		{0CC00BFB-B5CA-4BE3-8C17-963CDE8D1689}.Debug|x86.ActiveCfg = Debug|Any CPU
		{0CC00BFB-B5CA-4BE3-8C17-963CDE8D1689}.Debug|x86.Build.0 = Debug|Any CPU
		{0CC00BFB-B5CA-4BE3-8C17-963CDE8D1689}.Release|Any CPU.ActiveCfg = Release|Any CPU
		{0CC00BFB-B5CA-4BE3-8C17-963CDE8D1689}.Release|Any CPU.Build.0 = Release|Any CPU
		{0CC00BFB-B5CA-4BE3-8C17-963CDE8D1689}.Release|x64.ActiveCfg = Release|Any CPU
		{0CC00BFB-B5CA-4BE3-8C17-963CDE8D1689}.Release|x64.Build.0 = Release|Any CPU
		{0CC00BFB-B5CA-4BE3-8C17-963CDE8D1689}.Release|x86.ActiveCfg = Release|Any CPU
		{0CC00BFB-B5CA-4BE3-8C17-963CDE8D1689}.Release|x86.Build.0 = Release|Any CPU
		{9857D33A-B30B-4255-AFFB-EEFD140D8F24}.Debug|Any CPU.ActiveCfg = Debug|Any CPU
		{9857D33A-B30B-4255-AFFB-EEFD140D8F24}.Debug|Any CPU.Build.0 = Debug|Any CPU
		{9857D33A-B30B-4255-AFFB-EEFD140D8F24}.Debug|x64.ActiveCfg = Debug|Any CPU
		{9857D33A-B30B-4255-AFFB-EEFD140D8F24}.Debug|x64.Build.0 = Debug|Any CPU
		{9857D33A-B30B-4255-AFFB-EEFD140D8F24}.Debug|x86.ActiveCfg = Debug|Any CPU
		{9857D33A-B30B-4255-AFFB-EEFD140D8F24}.Debug|x86.Build.0 = Debug|Any CPU
		{9857D33A-B30B-4255-AFFB-EEFD140D8F24}.Release|Any CPU.ActiveCfg = Release|Any CPU
		{9857D33A-B30B-4255-AFFB-EEFD140D8F24}.Release|Any CPU.Build.0 = Release|Any CPU
		{9857D33A-B30B-4255-AFFB-EEFD140D8F24}.Release|x64.ActiveCfg = Release|Any CPU
		{9857D33A-B30B-4255-AFFB-EEFD140D8F24}.Release|x64.Build.0 = Release|Any CPU
		{9857D33A-B30B-4255-AFFB-EEFD140D8F24}.Release|x86.ActiveCfg = Release|Any CPU
		{9857D33A-B30B-4255-AFFB-EEFD140D8F24}.Release|x86.Build.0 = Release|Any CPU
		{DF7811CD-817B-4A5C-A770-2979D4456015}.Debug|Any CPU.ActiveCfg = Debug|Any CPU
		{DF7811CD-817B-4A5C-A770-2979D4456015}.Debug|Any CPU.Build.0 = Debug|Any CPU
		{DF7811CD-817B-4A5C-A770-2979D4456015}.Debug|x64.ActiveCfg = Debug|Any CPU
		{DF7811CD-817B-4A5C-A770-2979D4456015}.Debug|x64.Build.0 = Debug|Any CPU
		{DF7811CD-817B-4A5C-A770-2979D4456015}.Debug|x86.ActiveCfg = Debug|Any CPU
		{DF7811CD-817B-4A5C-A770-2979D4456015}.Debug|x86.Build.0 = Debug|Any CPU
		{DF7811CD-817B-4A5C-A770-2979D4456015}.Release|Any CPU.ActiveCfg = Release|Any CPU
		{DF7811CD-817B-4A5C-A770-2979D4456015}.Release|Any CPU.Build.0 = Release|Any CPU
		{DF7811CD-817B-4A5C-A770-2979D4456015}.Release|x64.ActiveCfg = Release|Any CPU
		{DF7811CD-817B-4A5C-A770-2979D4456015}.Release|x64.Build.0 = Release|Any CPU
		{DF7811CD-817B-4A5C-A770-2979D4456015}.Release|x86.ActiveCfg = Release|Any CPU
		{DF7811CD-817B-4A5C-A770-2979D4456015}.Release|x86.Build.0 = Release|Any CPU
		{4F580E77-90E3-43B4-B604-262E458A5185}.Debug|Any CPU.ActiveCfg = Debug|Any CPU
		{4F580E77-90E3-43B4-B604-262E458A5185}.Debug|Any CPU.Build.0 = Debug|Any CPU
		{4F580E77-90E3-43B4-B604-262E458A5185}.Debug|x64.ActiveCfg = Debug|Any CPU
		{4F580E77-90E3-43B4-B604-262E458A5185}.Debug|x64.Build.0 = Debug|Any CPU
		{4F580E77-90E3-43B4-B604-262E458A5185}.Debug|x86.ActiveCfg = Debug|Any CPU
		{4F580E77-90E3-43B4-B604-262E458A5185}.Debug|x86.Build.0 = Debug|Any CPU
		{4F580E77-90E3-43B4-B604-262E458A5185}.Release|Any CPU.ActiveCfg = Release|Any CPU
		{4F580E77-90E3-43B4-B604-262E458A5185}.Release|Any CPU.Build.0 = Release|Any CPU
		{4F580E77-90E3-43B4-B604-262E458A5185}.Release|x64.ActiveCfg = Release|Any CPU
		{4F580E77-90E3-43B4-B604-262E458A5185}.Release|x64.Build.0 = Release|Any CPU
		{4F580E77-90E3-43B4-B604-262E458A5185}.Release|x86.ActiveCfg = Release|Any CPU
		{4F580E77-90E3-43B4-B604-262E458A5185}.Release|x86.Build.0 = Release|Any CPU
		{CB0C54FA-97DE-43F8-97CD-A9394B64AEB1}.Debug|Any CPU.ActiveCfg = Debug|Any CPU
		{CB0C54FA-97DE-43F8-97CD-A9394B64AEB1}.Debug|Any CPU.Build.0 = Debug|Any CPU
		{CB0C54FA-97DE-43F8-97CD-A9394B64AEB1}.Debug|x64.ActiveCfg = Debug|Any CPU
		{CB0C54FA-97DE-43F8-97CD-A9394B64AEB1}.Debug|x64.Build.0 = Debug|Any CPU
		{CB0C54FA-97DE-43F8-97CD-A9394B64AEB1}.Debug|x86.ActiveCfg = Debug|Any CPU
		{CB0C54FA-97DE-43F8-97CD-A9394B64AEB1}.Debug|x86.Build.0 = Debug|Any CPU
		{CB0C54FA-97DE-43F8-97CD-A9394B64AEB1}.Release|Any CPU.ActiveCfg = Release|Any CPU
		{CB0C54FA-97DE-43F8-97CD-A9394B64AEB1}.Release|Any CPU.Build.0 = Release|Any CPU
		{CB0C54FA-97DE-43F8-97CD-A9394B64AEB1}.Release|x64.ActiveCfg = Release|Any CPU
		{CB0C54FA-97DE-43F8-97CD-A9394B64AEB1}.Release|x64.Build.0 = Release|Any CPU
		{CB0C54FA-97DE-43F8-97CD-A9394B64AEB1}.Release|x86.ActiveCfg = Release|Any CPU
		{CB0C54FA-97DE-43F8-97CD-A9394B64AEB1}.Release|x86.Build.0 = Release|Any CPU
		{2048AD1B-90A5-4053-B600-20FC3929B8B6}.Debug|Any CPU.ActiveCfg = Debug|Any CPU
		{2048AD1B-90A5-4053-B600-20FC3929B8B6}.Debug|Any CPU.Build.0 = Debug|Any CPU
		{2048AD1B-90A5-4053-B600-20FC3929B8B6}.Debug|x64.ActiveCfg = Debug|Any CPU
		{2048AD1B-90A5-4053-B600-20FC3929B8B6}.Debug|x64.Build.0 = Debug|Any CPU
		{2048AD1B-90A5-4053-B600-20FC3929B8B6}.Debug|x86.ActiveCfg = Debug|Any CPU
		{2048AD1B-90A5-4053-B600-20FC3929B8B6}.Debug|x86.Build.0 = Debug|Any CPU
		{2048AD1B-90A5-4053-B600-20FC3929B8B6}.Release|Any CPU.ActiveCfg = Release|Any CPU
		{2048AD1B-90A5-4053-B600-20FC3929B8B6}.Release|Any CPU.Build.0 = Release|Any CPU
		{2048AD1B-90A5-4053-B600-20FC3929B8B6}.Release|x64.ActiveCfg = Release|Any CPU
		{2048AD1B-90A5-4053-B600-20FC3929B8B6}.Release|x64.Build.0 = Release|Any CPU
		{2048AD1B-90A5-4053-B600-20FC3929B8B6}.Release|x86.ActiveCfg = Release|Any CPU
		{2048AD1B-90A5-4053-B600-20FC3929B8B6}.Release|x86.Build.0 = Release|Any CPU
	EndGlobalSection
	GlobalSection(SolutionProperties) = preSolution
		HideSolutionNode = FALSE
	EndGlobalSection
	GlobalSection(NestedProjects) = preSolution
		{D421652E-21FA-4F7F-94A9-4CFA6553DED5} = {827E0CD3-B72D-47B6-A68D-7590B98EB39B}
		{4993AA4F-B54D-48E5-A29E-2AAE8E29CA23} = {827E0CD3-B72D-47B6-A68D-7590B98EB39B}
		{F8963846-CAF9-41B3-B0EF-73E4F161F227} = {827E0CD3-B72D-47B6-A68D-7590B98EB39B}
		{6283F25B-7C3C-479D-A21D-84685644FF77} = {827E0CD3-B72D-47B6-A68D-7590B98EB39B}
		{3D24001A-20D0-4D62-9EDF-7B8EDE6B08C8} = {827E0CD3-B72D-47B6-A68D-7590B98EB39B}
		{EC447DCF-ABFA-6E24-52A5-D7FD48A5C558} = {827E0CD3-B72D-47B6-A68D-7590B98EB39B}
		{216898DF-6C27-4315-AAA9-D33CFCC02EE6} = {EC447DCF-ABFA-6E24-52A5-D7FD48A5C558}
		{289F73E2-4281-44ED-92C3-4CC6EC2335E7} = {EC447DCF-ABFA-6E24-52A5-D7FD48A5C558}
		{279EC7E0-CF53-4F77-986A-5DFFFEEC52F8} = {EC447DCF-ABFA-6E24-52A5-D7FD48A5C558}
		{9FDDDEFC-D8C7-4D92-B094-06952E7FB838} = {EC447DCF-ABFA-6E24-52A5-D7FD48A5C558}
		{6440B8C3-6354-4711-B91D-206A73293021} = {EC447DCF-ABFA-6E24-52A5-D7FD48A5C558}
		{D8B5FAED-C46F-45E4-B950-27BF7382606D} = {EC447DCF-ABFA-6E24-52A5-D7FD48A5C558}
		{2ABE8538-2881-4EB2-A879-1BD163ABCDAA} = {EC447DCF-ABFA-6E24-52A5-D7FD48A5C558}
		{E184A036-4374-4FFF-96B0-361A98E96852} = {EC447DCF-ABFA-6E24-52A5-D7FD48A5C558}
		{0CC00BFB-B5CA-4BE3-8C17-963CDE8D1689} = {EC447DCF-ABFA-6E24-52A5-D7FD48A5C558}
		{9857D33A-B30B-4255-AFFB-EEFD140D8F24} = {EC447DCF-ABFA-6E24-52A5-D7FD48A5C558}
		{DF7811CD-817B-4A5C-A770-2979D4456015} = {827E0CD3-B72D-47B6-A68D-7590B98EB39B}
		{4F580E77-90E3-43B4-B604-262E458A5185} = {827E0CD3-B72D-47B6-A68D-7590B98EB39B}
		{CB0C54FA-97DE-43F8-97CD-A9394B64AEB1} = {827E0CD3-B72D-47B6-A68D-7590B98EB39B}
		{2048AD1B-90A5-4053-B600-20FC3929B8B6} = {0AB3BF05-4346-4AA6-1389-037BE0695223}
	EndGlobalSection
EndGlobal
